// !$*UTF8*$!
{
	archiveVersion = 1;
	classes = {
	};
	objectVersion = 50;
	objects = {

/* Begin PBXBuildFile section */
		F92337882280B1220060D7BB /* AppDelegate.swift in Sources */ = {isa = PBXBuildFile; fileRef = F92337872280B1220060D7BB /* AppDelegate.swift */; };
		F923378A2280B1220060D7BB /* ViewController.swift in Sources */ = {isa = PBXBuildFile; fileRef = F92337892280B1220060D7BB /* ViewController.swift */; };
		F923378D2280B1220060D7BB /* Main.storyboard in Resources */ = {isa = PBXBuildFile; fileRef = F923378B2280B1220060D7BB /* Main.storyboard */; };
		F923378F2280B1240060D7BB /* Assets.xcassets in Resources */ = {isa = PBXBuildFile; fileRef = F923378E2280B1240060D7BB /* Assets.xcassets */; };
		F92337922280B1240060D7BB /* LaunchScreen.storyboard in Resources */ = {isa = PBXBuildFile; fileRef = F92337902280B1240060D7BB /* LaunchScreen.storyboard */; };
		F92337AB2280B5EB0060D7BB /* GameViewController.swift in Sources */ = {isa = PBXBuildFile; fileRef = F92337AA2280B5EB0060D7BB /* GameViewController.swift */; };
		F92337AC2280B5EB0060D7BB /* GameViewController.swift in Sources */ = {isa = PBXBuildFile; fileRef = F92337AA2280B5EB0060D7BB /* GameViewController.swift */; };
		F92337B02280B9E80060D7BB /* UIControl.swift in Sources */ = {isa = PBXBuildFile; fileRef = F92337AF2280B9E80060D7BB /* UIControl.swift */; };
		F92337B12280B9E80060D7BB /* UIControl.swift in Sources */ = {isa = PBXBuildFile; fileRef = F92337AF2280B9E80060D7BB /* UIControl.swift */; };
		F92337B32280BE610060D7BB /* UIApplication+VC.swift in Sources */ = {isa = PBXBuildFile; fileRef = F92337B22280BE610060D7BB /* UIApplication+VC.swift */; };
		F92337B42280BE610060D7BB /* UIApplication+VC.swift in Sources */ = {isa = PBXBuildFile; fileRef = F92337B22280BE610060D7BB /* UIApplication+VC.swift */; };
		F98A40832281E53E00526E82 /* TriggeringGame.swift in Sources */ = {isa = PBXBuildFile; fileRef = F9A79CA42281E14800DE5B10 /* TriggeringGame.swift */; };
		F98A40842281E54100526E82 /* CountDownTimer.swift in Sources */ = {isa = PBXBuildFile; fileRef = F9A79CA62281E16B00DE5B10 /* CountDownTimer.swift */; };
		F98A40862281E67800526E82 /* CountDownInGame.swift in Sources */ = {isa = PBXBuildFile; fileRef = F98A40852281E67800526E82 /* CountDownInGame.swift */; };
		F98A40882281EBA700526E82 /* ScoreProvider.swift in Sources */ = {isa = PBXBuildFile; fileRef = F98A40872281EBA700526E82 /* ScoreProvider.swift */; };
		F9A79CA52281E14800DE5B10 /* TriggeringGame.swift in Sources */ = {isa = PBXBuildFile; fileRef = F9A79CA42281E14800DE5B10 /* TriggeringGame.swift */; };
		F9A79CA72281E16B00DE5B10 /* CountDownTimer.swift in Sources */ = {isa = PBXBuildFile; fileRef = F9A79CA62281E16B00DE5B10 /* CountDownTimer.swift */; };
		F9C6241422835E220064EF1A /* CustomCell.swift in Sources */ = {isa = PBXBuildFile; fileRef = F9C6241322835E220064EF1A /* CustomCell.swift */; };
		F9FAB42522842BD600255B77 /* GameScore.swift in Sources */ = {isa = PBXBuildFile; fileRef = F9FAB42422842BD600255B77 /* GameScore.swift */; };
		F9FAB4272284383400255B77 /* CountDownInGame.swift in Sources */ = {isa = PBXBuildFile; fileRef = F98A40852281E67800526E82 /* CountDownInGame.swift */; };
		F9FAB4282284383700255B77 /* ScoreProvider.swift in Sources */ = {isa = PBXBuildFile; fileRef = F98A40872281EBA700526E82 /* ScoreProvider.swift */; };
		F9FAB4292284384000255B77 /* CustomCell.swift in Sources */ = {isa = PBXBuildFile; fileRef = F9C6241322835E220064EF1A /* CustomCell.swift */; };
		F9FAB42C2284387600255B77 /* ReloadingCollectionView.swift in Sources */ = {isa = PBXBuildFile; fileRef = F9FAB42B2284387600255B77 /* ReloadingCollectionView.swift */; };
		F9FAB42D2284389C00255B77 /* ReloadingCollectionView.swift in Sources */ = {isa = PBXBuildFile; fileRef = F9FAB42B2284387600255B77 /* ReloadingCollectionView.swift */; };
		F9FAB42E228439C000255B77 /* GameScore.swift in Sources */ = {isa = PBXBuildFile; fileRef = F9FAB42422842BD600255B77 /* GameScore.swift */; };
/* End PBXBuildFile section */

/* Begin PBXContainerItemProxy section */
		F92337992280B1240060D7BB /* PBXContainerItemProxy */ = {
			isa = PBXContainerItemProxy;
			containerPortal = F923377C2280B1220060D7BB /* Project object */;
			proxyType = 1;
			remoteGlobalIDString = F92337832280B1220060D7BB;
			remoteInfo = "DaftTap Challenge";
		};
/* End PBXContainerItemProxy section */

/* Begin PBXFileReference section */
		F92337842280B1220060D7BB /* DaftTap Challenge.app */ = {isa = PBXFileReference; explicitFileType = wrapper.application; includeInIndex = 0; path = "DaftTap Challenge.app"; sourceTree = BUILT_PRODUCTS_DIR; };
		F92337872280B1220060D7BB /* AppDelegate.swift */ = {isa = PBXFileReference; lastKnownFileType = sourcecode.swift; path = AppDelegate.swift; sourceTree = "<group>"; };
		F92337892280B1220060D7BB /* ViewController.swift */ = {isa = PBXFileReference; lastKnownFileType = sourcecode.swift; path = ViewController.swift; sourceTree = "<group>"; };
		F923378C2280B1220060D7BB /* Base */ = {isa = PBXFileReference; lastKnownFileType = file.storyboard; name = Base; path = Base.lproj/Main.storyboard; sourceTree = "<group>"; };
		F923378E2280B1240060D7BB /* Assets.xcassets */ = {isa = PBXFileReference; lastKnownFileType = folder.assetcatalog; path = Assets.xcassets; sourceTree = "<group>"; };
		F92337912280B1240060D7BB /* Base */ = {isa = PBXFileReference; lastKnownFileType = file.storyboard; name = Base; path = Base.lproj/LaunchScreen.storyboard; sourceTree = "<group>"; };
		F92337932280B1240060D7BB /* Info.plist */ = {isa = PBXFileReference; lastKnownFileType = text.plist.xml; path = Info.plist; sourceTree = "<group>"; };
		F92337982280B1240060D7BB /* DaftTap ChallengeTests.xctest */ = {isa = PBXFileReference; explicitFileType = wrapper.cfbundle; includeInIndex = 0; path = "DaftTap ChallengeTests.xctest"; sourceTree = BUILT_PRODUCTS_DIR; };
		F92337AA2280B5EB0060D7BB /* GameViewController.swift */ = {isa = PBXFileReference; lastKnownFileType = sourcecode.swift; path = GameViewController.swift; sourceTree = "<group>"; };
		F92337AF2280B9E80060D7BB /* UIControl.swift */ = {isa = PBXFileReference; lastKnownFileType = sourcecode.swift; path = UIControl.swift; sourceTree = "<group>"; };
		F92337B22280BE610060D7BB /* UIApplication+VC.swift */ = {isa = PBXFileReference; lastKnownFileType = sourcecode.swift; path = "UIApplication+VC.swift"; sourceTree = "<group>"; };
		F98A40852281E67800526E82 /* CountDownInGame.swift */ = {isa = PBXFileReference; lastKnownFileType = sourcecode.swift; path = CountDownInGame.swift; sourceTree = "<group>"; };
		F98A40872281EBA700526E82 /* ScoreProvider.swift */ = {isa = PBXFileReference; lastKnownFileType = sourcecode.swift; path = ScoreProvider.swift; sourceTree = "<group>"; };
		F9A79CA42281E14800DE5B10 /* TriggeringGame.swift */ = {isa = PBXFileReference; lastKnownFileType = sourcecode.swift; path = TriggeringGame.swift; sourceTree = "<group>"; };
		F9A79CA62281E16B00DE5B10 /* CountDownTimer.swift */ = {isa = PBXFileReference; lastKnownFileType = sourcecode.swift; path = CountDownTimer.swift; sourceTree = "<group>"; };
		F9C6241322835E220064EF1A /* CustomCell.swift */ = {isa = PBXFileReference; lastKnownFileType = sourcecode.swift; path = CustomCell.swift; sourceTree = "<group>"; };
		F9FAB42422842BD600255B77 /* GameScore.swift */ = {isa = PBXFileReference; lastKnownFileType = sourcecode.swift; path = GameScore.swift; sourceTree = "<group>"; };
		F9FAB42B2284387600255B77 /* ReloadingCollectionView.swift */ = {isa = PBXFileReference; lastKnownFileType = sourcecode.swift; path = ReloadingCollectionView.swift; sourceTree = "<group>"; };
/* End PBXFileReference section */

/* Begin PBXFrameworksBuildPhase section */
		F92337812280B1220060D7BB /* Frameworks */ = {
			isa = PBXFrameworksBuildPhase;
			buildActionMask = 2147483647;
			files = (
			);
			runOnlyForDeploymentPostprocessing = 0;
		};
		F92337952280B1240060D7BB /* Frameworks */ = {
			isa = PBXFrameworksBuildPhase;
			buildActionMask = 2147483647;
			files = (
			);
			runOnlyForDeploymentPostprocessing = 0;
		};
/* End PBXFrameworksBuildPhase section */

/* Begin PBXGroup section */
		F923377B2280B1220060D7BB = {
			isa = PBXGroup;
			children = (
				F92337862280B1220060D7BB /* DaftTap Challenge */,
				F92337852280B1220060D7BB /* Products */,
			);
			sourceTree = "<group>";
		};
		F92337852280B1220060D7BB /* Products */ = {
			isa = PBXGroup;
			children = (
				F92337842280B1220060D7BB /* DaftTap Challenge.app */,
				F92337982280B1240060D7BB /* DaftTap ChallengeTests.xctest */,
			);
			name = Products;
			sourceTree = "<group>";
		};
		F92337862280B1220060D7BB /* DaftTap Challenge */ = {
			isa = PBXGroup;
			children = (
				F92337AD2280B9D00060D7BB /* Utilities */,
				F92337A92280B2C30060D7BB /* Controller */,
				F92337A82280B2BB0060D7BB /* View */,
				F92337A72280B2B10060D7BB /* Model */,
				F92337872280B1220060D7BB /* AppDelegate.swift */,
				F923378E2280B1240060D7BB /* Assets.xcassets */,
				F92337902280B1240060D7BB /* LaunchScreen.storyboard */,
				F92337932280B1240060D7BB /* Info.plist */,
			);
			path = "DaftTap Challenge";
			sourceTree = "<group>";
		};
		F92337A72280B2B10060D7BB /* Model */ = {
			isa = PBXGroup;
			children = (
				F9FAB42422842BD600255B77 /* GameScore.swift */,
			);
			path = Model;
			sourceTree = "<group>";
		};
		F92337A82280B2BB0060D7BB /* View */ = {
			isa = PBXGroup;
			children = (
				F923378B2280B1220060D7BB /* Main.storyboard */,
			);
			path = View;
			sourceTree = "<group>";
		};
		F92337A92280B2C30060D7BB /* Controller */ = {
			isa = PBXGroup;
			children = (
				F92337892280B1220060D7BB /* ViewController.swift */,
				F92337AA2280B5EB0060D7BB /* GameViewController.swift */,
			);
			path = Controller;
			sourceTree = "<group>";
		};
		F92337AD2280B9D00060D7BB /* Utilities */ = {
			isa = PBXGroup;
			children = (
				F9A79CA32281E12800DE5B10 /* Provider */,
				F9A79CA12281E10C00DE5B10 /* Providing */,
				F92337AE2280B9D70060D7BB /* Extensions */,
				F9C6241322835E220064EF1A /* CustomCell.swift */,
			);
			path = Utilities;
			sourceTree = "<group>";
		};
		F92337AE2280B9D70060D7BB /* Extensions */ = {
			isa = PBXGroup;
			children = (
				F92337AF2280B9E80060D7BB /* UIControl.swift */,
				F92337B22280BE610060D7BB /* UIApplication+VC.swift */,
			);
			path = Extensions;
			sourceTree = "<group>";
		};
		F9A79CA12281E10C00DE5B10 /* Providing */ = {
			isa = PBXGroup;
			children = (
				F9A79CA42281E14800DE5B10 /* TriggeringGame.swift */,
				F9FAB42B2284387600255B77 /* ReloadingCollectionView.swift */,
			);
			path = Providing;
			sourceTree = "<group>";
		};
		F9A79CA32281E12800DE5B10 /* Provider */ = {
			isa = PBXGroup;
			children = (
				F9A79CA62281E16B00DE5B10 /* CountDownTimer.swift */,
				F98A40852281E67800526E82 /* CountDownInGame.swift */,
				F98A40872281EBA700526E82 /* ScoreProvider.swift */,
			);
			path = Provider;
			sourceTree = "<group>";
		};
/* End PBXGroup section */

/* Begin PBXNativeTarget section */
		F92337832280B1220060D7BB /* DaftTap Challenge */ = {
			isa = PBXNativeTarget;
			buildConfigurationList = F92337A12280B1240060D7BB /* Build configuration list for PBXNativeTarget "DaftTap Challenge" */;
			buildPhases = (
				F92337802280B1220060D7BB /* Sources */,
				F92337812280B1220060D7BB /* Frameworks */,
				F92337822280B1220060D7BB /* Resources */,
			);
			buildRules = (
			);
			dependencies = (
			);
			name = "DaftTap Challenge";
			productName = "DaftTap Challenge";
			productReference = F92337842280B1220060D7BB /* DaftTap Challenge.app */;
			productType = "com.apple.product-type.application";
		};
		F92337972280B1240060D7BB /* DaftTap ChallengeTests */ = {
			isa = PBXNativeTarget;
			buildConfigurationList = F92337A42280B1240060D7BB /* Build configuration list for PBXNativeTarget "DaftTap ChallengeTests" */;
			buildPhases = (
				F92337942280B1240060D7BB /* Sources */,
				F92337952280B1240060D7BB /* Frameworks */,
				F92337962280B1240060D7BB /* Resources */,
			);
			buildRules = (
			);
			dependencies = (
				F923379A2280B1240060D7BB /* PBXTargetDependency */,
			);
			name = "DaftTap ChallengeTests";
			productName = "DaftTap ChallengeTests";
			productReference = F92337982280B1240060D7BB /* DaftTap ChallengeTests.xctest */;
			productType = "com.apple.product-type.bundle.unit-test";
		};
/* End PBXNativeTarget section */

/* Begin PBXProject section */
		F923377C2280B1220060D7BB /* Project object */ = {
			isa = PBXProject;
			attributes = {
				LastSwiftUpdateCheck = 1020;
				LastUpgradeCheck = 1020;
				ORGANIZATIONNAME = "Karol Struniawski";
				TargetAttributes = {
					F92337832280B1220060D7BB = {
						CreatedOnToolsVersion = 10.2.1;
					};
					F92337972280B1240060D7BB = {
						CreatedOnToolsVersion = 10.2.1;
						TestTargetID = F92337832280B1220060D7BB;
					};
				};
			};
			buildConfigurationList = F923377F2280B1220060D7BB /* Build configuration list for PBXProject "DaftTap Challenge" */;
			compatibilityVersion = "Xcode 9.3";
			developmentRegion = en;
			hasScannedForEncodings = 0;
			knownRegions = (
				en,
				Base,
			);
			mainGroup = F923377B2280B1220060D7BB;
			productRefGroup = F92337852280B1220060D7BB /* Products */;
			projectDirPath = "";
			projectRoot = "";
			targets = (
				F92337832280B1220060D7BB /* DaftTap Challenge */,
				F92337972280B1240060D7BB /* DaftTap ChallengeTests */,
			);
		};
/* End PBXProject section */

/* Begin PBXResourcesBuildPhase section */
		F92337822280B1220060D7BB /* Resources */ = {
			isa = PBXResourcesBuildPhase;
			buildActionMask = 2147483647;
			files = (
				F92337922280B1240060D7BB /* LaunchScreen.storyboard in Resources */,
				F923378F2280B1240060D7BB /* Assets.xcassets in Resources */,
				F923378D2280B1220060D7BB /* Main.storyboard in Resources */,
			);
			runOnlyForDeploymentPostprocessing = 0;
		};
		F92337962280B1240060D7BB /* Resources */ = {
			isa = PBXResourcesBuildPhase;
			buildActionMask = 2147483647;
			files = (
			);
			runOnlyForDeploymentPostprocessing = 0;
		};
/* End PBXResourcesBuildPhase section */

/* Begin PBXSourcesBuildPhase section */
		F92337802280B1220060D7BB /* Sources */ = {
			isa = PBXSourcesBuildPhase;
			buildActionMask = 2147483647;
			files = (
				F923378A2280B1220060D7BB /* ViewController.swift in Sources */,
				F9FAB42522842BD600255B77 /* GameScore.swift in Sources */,
				F9A79CA72281E16B00DE5B10 /* CountDownTimer.swift in Sources */,
				F9C6241422835E220064EF1A /* CustomCell.swift in Sources */,
				F9FAB42C2284387600255B77 /* ReloadingCollectionView.swift in Sources */,
				F98A40862281E67800526E82 /* CountDownInGame.swift in Sources */,
				F92337B32280BE610060D7BB /* UIApplication+VC.swift in Sources */,
				F92337B02280B9E80060D7BB /* UIControl.swift in Sources */,
				F9A79CA52281E14800DE5B10 /* TriggeringGame.swift in Sources */,
				F92337AB2280B5EB0060D7BB /* GameViewController.swift in Sources */,
				F98A40882281EBA700526E82 /* ScoreProvider.swift in Sources */,
				F92337882280B1220060D7BB /* AppDelegate.swift in Sources */,
			);
			runOnlyForDeploymentPostprocessing = 0;
		};
		F92337942280B1240060D7BB /* Sources */ = {
			isa = PBXSourcesBuildPhase;
			buildActionMask = 2147483647;
			files = (
				F9FAB4282284383700255B77 /* ScoreProvider.swift in Sources */,
				F9FAB4292284384000255B77 /* CustomCell.swift in Sources */,
				F92337AC2280B5EB0060D7BB /* GameViewController.swift in Sources */,
				F98A40842281E54100526E82 /* CountDownTimer.swift in Sources */,
				F98A40832281E53E00526E82 /* TriggeringGame.swift in Sources */,
				F92337B12280B9E80060D7BB /* UIControl.swift in Sources */,
				F9FAB42E228439C000255B77 /* GameScore.swift in Sources */,
				F92337B42280BE610060D7BB /* UIApplication+VC.swift in Sources */,
				F9FAB42D2284389C00255B77 /* ReloadingCollectionView.swift in Sources */,
				F9FAB4272284383400255B77 /* CountDownInGame.swift in Sources */,
			);
			runOnlyForDeploymentPostprocessing = 0;
		};
/* End PBXSourcesBuildPhase section */

/* Begin PBXTargetDependency section */
		F923379A2280B1240060D7BB /* PBXTargetDependency */ = {
			isa = PBXTargetDependency;
			target = F92337832280B1220060D7BB /* DaftTap Challenge */;
			targetProxy = F92337992280B1240060D7BB /* PBXContainerItemProxy */;
		};
/* End PBXTargetDependency section */

/* Begin PBXVariantGroup section */
		F923378B2280B1220060D7BB /* Main.storyboard */ = {
			isa = PBXVariantGroup;
			children = (
				F923378C2280B1220060D7BB /* Base */,
			);
			name = Main.storyboard;
			sourceTree = "<group>";
		};
		F92337902280B1240060D7BB /* LaunchScreen.storyboard */ = {
			isa = PBXVariantGroup;
			children = (
				F92337912280B1240060D7BB /* Base */,
			);
			name = LaunchScreen.storyboard;
			sourceTree = "<group>";
		};
/* End PBXVariantGroup section */

/* Begin XCBuildConfiguration section */
		F923379F2280B1240060D7BB /* Debug */ = {
			isa = XCBuildConfiguration;
			buildSettings = {
				ALWAYS_SEARCH_USER_PATHS = NO;
				CLANG_ANALYZER_NONNULL = YES;
				CLANG_ANALYZER_NUMBER_OBJECT_CONVERSION = YES_AGGRESSIVE;
				CLANG_CXX_LANGUAGE_STANDARD = "gnu++14";
				CLANG_CXX_LIBRARY = "libc++";
				CLANG_ENABLE_MODULES = YES;
				CLANG_ENABLE_OBJC_ARC = YES;
				CLANG_ENABLE_OBJC_WEAK = YES;
				CLANG_WARN_BLOCK_CAPTURE_AUTORELEASING = YES;
				CLANG_WARN_BOOL_CONVERSION = YES;
				CLANG_WARN_COMMA = YES;
				CLANG_WARN_CONSTANT_CONVERSION = YES;
				CLANG_WARN_DEPRECATED_OBJC_IMPLEMENTATIONS = YES;
				CLANG_WARN_DIRECT_OBJC_ISA_USAGE = YES_ERROR;
				CLANG_WARN_DOCUMENTATION_COMMENTS = YES;
				CLANG_WARN_EMPTY_BODY = YES;
				CLANG_WARN_ENUM_CONVERSION = YES;
				CLANG_WARN_INFINITE_RECURSION = YES;
				CLANG_WARN_INT_CONVERSION = YES;
				CLANG_WARN_NON_LITERAL_NULL_CONVERSION = YES;
				CLANG_WARN_OBJC_IMPLICIT_RETAIN_SELF = YES;
				CLANG_WARN_OBJC_LITERAL_CONVERSION = YES;
				CLANG_WARN_OBJC_ROOT_CLASS = YES_ERROR;
				CLANG_WARN_RANGE_LOOP_ANALYSIS = YES;
				CLANG_WARN_STRICT_PROTOTYPES = YES;
				CLANG_WARN_SUSPICIOUS_MOVE = YES;
				CLANG_WARN_UNGUARDED_AVAILABILITY = YES_AGGRESSIVE;
				CLANG_WARN_UNREACHABLE_CODE = YES;
				CLANG_WARN__DUPLICATE_METHOD_MATCH = YES;
				CODE_SIGN_IDENTITY = "iPhone Developer";
				COPY_PHASE_STRIP = NO;
				DEBUG_INFORMATION_FORMAT = dwarf;
				ENABLE_STRICT_OBJC_MSGSEND = YES;
				ENABLE_TESTABILITY = YES;
				GCC_C_LANGUAGE_STANDARD = gnu11;
				GCC_DYNAMIC_NO_PIC = NO;
				GCC_NO_COMMON_BLOCKS = YES;
				GCC_OPTIMIZATION_LEVEL = 0;
				GCC_PREPROCESSOR_DEFINITIONS = (
					"DEBUG=1",
					"$(inherited)",
				);
				GCC_WARN_64_TO_32_BIT_CONVERSION = YES;
				GCC_WARN_ABOUT_RETURN_TYPE = YES_ERROR;
				GCC_WARN_UNDECLARED_SELECTOR = YES;
				GCC_WARN_UNINITIALIZED_AUTOS = YES_AGGRESSIVE;
				GCC_WARN_UNUSED_FUNCTION = YES;
				GCC_WARN_UNUSED_VARIABLE = YES;
				IPHONEOS_DEPLOYMENT_TARGET = 12.2;
				MTL_ENABLE_DEBUG_INFO = INCLUDE_SOURCE;
				MTL_FAST_MATH = YES;
				ONLY_ACTIVE_ARCH = YES;
				SDKROOT = iphoneos;
				SWIFT_ACTIVE_COMPILATION_CONDITIONS = DEBUG;
				SWIFT_OPTIMIZATION_LEVEL = "-Onone";
			};
			name = Debug;
		};
		F92337A02280B1240060D7BB /* Release */ = {
			isa = XCBuildConfiguration;
			buildSettings = {
				ALWAYS_SEARCH_USER_PATHS = NO;
				CLANG_ANALYZER_NONNULL = YES;
				CLANG_ANALYZER_NUMBER_OBJECT_CONVERSION = YES_AGGRESSIVE;
				CLANG_CXX_LANGUAGE_STANDARD = "gnu++14";
				CLANG_CXX_LIBRARY = "libc++";
				CLANG_ENABLE_MODULES = YES;
				CLANG_ENABLE_OBJC_ARC = YES;
				CLANG_ENABLE_OBJC_WEAK = YES;
				CLANG_WARN_BLOCK_CAPTURE_AUTORELEASING = YES;
				CLANG_WARN_BOOL_CONVERSION = YES;
				CLANG_WARN_COMMA = YES;
				CLANG_WARN_CONSTANT_CONVERSION = YES;
				CLANG_WARN_DEPRECATED_OBJC_IMPLEMENTATIONS = YES;
				CLANG_WARN_DIRECT_OBJC_ISA_USAGE = YES_ERROR;
				CLANG_WARN_DOCUMENTATION_COMMENTS = YES;
				CLANG_WARN_EMPTY_BODY = YES;
				CLANG_WARN_ENUM_CONVERSION = YES;
				CLANG_WARN_INFINITE_RECURSION = YES;
				CLANG_WARN_INT_CONVERSION = YES;
				CLANG_WARN_NON_LITERAL_NULL_CONVERSION = YES;
				CLANG_WARN_OBJC_IMPLICIT_RETAIN_SELF = YES;
				CLANG_WARN_OBJC_LITERAL_CONVERSION = YES;
				CLANG_WARN_OBJC_ROOT_CLASS = YES_ERROR;
				CLANG_WARN_RANGE_LOOP_ANALYSIS = YES;
				CLANG_WARN_STRICT_PROTOTYPES = YES;
				CLANG_WARN_SUSPICIOUS_MOVE = YES;
				CLANG_WARN_UNGUARDED_AVAILABILITY = YES_AGGRESSIVE;
				CLANG_WARN_UNREACHABLE_CODE = YES;
				CLANG_WARN__DUPLICATE_METHOD_MATCH = YES;
				CODE_SIGN_IDENTITY = "iPhone Developer";
				COPY_PHASE_STRIP = NO;
				DEBUG_INFORMATION_FORMAT = "dwarf-with-dsym";
				ENABLE_NS_ASSERTIONS = NO;
				ENABLE_STRICT_OBJC_MSGSEND = YES;
				GCC_C_LANGUAGE_STANDARD = gnu11;
				GCC_NO_COMMON_BLOCKS = YES;
				GCC_WARN_64_TO_32_BIT_CONVERSION = YES;
				GCC_WARN_ABOUT_RETURN_TYPE = YES_ERROR;
				GCC_WARN_UNDECLARED_SELECTOR = YES;
				GCC_WARN_UNINITIALIZED_AUTOS = YES_AGGRESSIVE;
				GCC_WARN_UNUSED_FUNCTION = YES;
				GCC_WARN_UNUSED_VARIABLE = YES;
				IPHONEOS_DEPLOYMENT_TARGET = 12.2;
				MTL_ENABLE_DEBUG_INFO = NO;
				MTL_FAST_MATH = YES;
				SDKROOT = iphoneos;
				SWIFT_COMPILATION_MODE = wholemodule;
				SWIFT_OPTIMIZATION_LEVEL = "-O";
				VALIDATE_PRODUCT = YES;
			};
			name = Release;
		};
		F92337A22280B1240060D7BB /* Debug */ = {
			isa = XCBuildConfiguration;
			buildSettings = {
				ASSETCATALOG_COMPILER_APPICON_NAME = AppIcon;
				CODE_SIGN_STYLE = Automatic;
				DEVELOPMENT_TEAM = 24C92L3HM3;
				INFOPLIST_FILE = "DaftTap Challenge/Info.plist";
				LD_RUNPATH_SEARCH_PATHS = (
					"$(inherited)",
					"@executable_path/Frameworks",
				);
				PRODUCT_BUNDLE_IDENTIFIER = "Karol-Struniawski.DaftTap-Challenge";
				PRODUCT_NAME = "$(TARGET_NAME)";
				SWIFT_VERSION = 5.0;
				TARGETED_DEVICE_FAMILY = "1,2";
			};
			name = Debug;
		};
		F92337A32280B1240060D7BB /* Release */ = {
			isa = XCBuildConfiguration;
			buildSettings = {
				ASSETCATALOG_COMPILER_APPICON_NAME = AppIcon;
				CODE_SIGN_STYLE = Automatic;
				DEVELOPMENT_TEAM = 24C92L3HM3;
				INFOPLIST_FILE = "DaftTap Challenge/Info.plist";
				LD_RUNPATH_SEARCH_PATHS = (
					"$(inherited)",
					"@executable_path/Frameworks",
				);
				PRODUCT_BUNDLE_IDENTIFIER = "Karol-Struniawski.DaftTap-Challenge";
				PRODUCT_NAME = "$(TARGET_NAME)";
				SWIFT_VERSION = 5.0;
				TARGETED_DEVICE_FAMILY = "1,2";
			};
			name = Release;
		};
		F92337A52280B1240060D7BB /* Debug */ = {
			isa = XCBuildConfiguration;
			buildSettings = {
				ALWAYS_EMBED_SWIFT_STANDARD_LIBRARIES = YES;
				BUNDLE_LOADER = "$(TEST_HOST)";
				CODE_SIGN_STYLE = Automatic;
				DEVELOPMENT_TEAM = 24C92L3HM3;
				INFOPLIST_FILE = "DaftTap ChallengeTests/Info.plist";
				LD_RUNPATH_SEARCH_PATHS = (
					"$(inherited)",
					"@executable_path/Frameworks",
					"@loader_path/Frameworks",
				);
				PRODUCT_BUNDLE_IDENTIFIER = "Karol-Struniawski.DaftTap-ChallengeTests";
				PRODUCT_NAME = "$(TARGET_NAME)";
				SWIFT_VERSION = 5.0;
				TARGETED_DEVICE_FAMILY = "1,2";
				TEST_HOST = "$(BUILT_PRODUCTS_DIR)/DaftTap Challenge.app/DaftTap Challenge";
			};
			name = Debug;
		};
		F92337A62280B1240060D7BB /* Release */ = {
			isa = XCBuildConfiguration;
			buildSettings = {
				ALWAYS_EMBED_SWIFT_STANDARD_LIBRARIES = YES;
				BUNDLE_LOADER = "$(TEST_HOST)";
				CODE_SIGN_STYLE = Automatic;
				DEVELOPMENT_TEAM = 24C92L3HM3;
				INFOPLIST_FILE = "DaftTap ChallengeTests/Info.plist";
				LD_RUNPATH_SEARCH_PATHS = (
					"$(inherited)",
					"@executable_path/Frameworks",
					"@loader_path/Frameworks",
				);
				PRODUCT_BUNDLE_IDENTIFIER = "Karol-Struniawski.DaftTap-ChallengeTests";
				PRODUCT_NAME = "$(TARGET_NAME)";
				SWIFT_VERSION = 5.0;
				TARGETED_DEVICE_FAMILY = "1,2";
				TEST_HOST = "$(BUILT_PRODUCTS_DIR)/DaftTap Challenge.app/DaftTap Challenge";
			};
			name = Release;
		};
/* End XCBuildConfiguration section */

/* Begin XCConfigurationList section */
		F923377F2280B1220060D7BB /* Build configuration list for PBXProject "DaftTap Challenge" */ = {
			isa = XCConfigurationList;
			buildConfigurations = (
				F923379F2280B1240060D7BB /* Debug */,
				F92337A02280B1240060D7BB /* Release */,
			);
			defaultConfigurationIsVisible = 0;
			defaultConfigurationName = Release;
		};
		F92337A12280B1240060D7BB /* Build configuration list for PBXNativeTarget "DaftTap Challenge" */ = {
			isa = XCConfigurationList;
			buildConfigurations = (
				F92337A22280B1240060D7BB /* Debug */,
				F92337A32280B1240060D7BB /* Release */,
			);
			defaultConfigurationIsVisible = 0;
			defaultConfigurationName = Release;
		};
		F92337A42280B1240060D7BB /* Build configuration list for PBXNativeTarget "DaftTap ChallengeTests" */ = {
			isa = XCConfigurationList;
			buildConfigurations = (
				F92337A52280B1240060D7BB /* Debug */,
				F92337A62280B1240060D7BB /* Release */,
			);
			defaultConfigurationIsVisible = 0;
			defaultConfigurationName = Release;
		};
/* End XCConfigurationList section */
	};
	rootObject = F923377C2280B1220060D7BB /* Project object */;
}
